dependencies:
  idf:
    component_hash: null
    source:
      type: idf
    version: 4.4.3
  lvgl/lvgl:
    component_hash: 7b7ee85e48c2eb35bb242a8c7e0e4cd702e150541afb3f69089fb7ba81554d14
    source:
      service_url: https://api.components.espressif.com/
      type: service
    version: 8.3.0
manifest_hash: 6a4f0696a182236ebcc4d1e21dcbb6f0a3e1b8dc5a6a3ec2cd82fc969d9099dd
target: esp32
version: 1.0.0
